{
  "object": {
    "pins": [
      {
        "package": "Kingfisher",
        "repositoryURL": "https://github.com/onevcat/Kingfisher.git",
        "state": {
          "branch": null,
          "revision": "318e319998bf555c3e914d5c3adb6da05af86a32",
          "version": "7.1.1"
        }
      },
      {
        "package": "Toast",
        "repositoryURL": "https://github.com/scalessec/Toast-Swift.git",
        "state": {
          "branch": null,
          "revision": "0c9493eeacb102cc614da385cfaaf475379f4ab4",
          "version": "5.0.1"
        }
      }
    ]
  },
  "version": 1
}
