// !$*UTF8*$!
{
	archiveVersion = 1;
	classes = {
	};
	objectVersion = 55;
	objects = {

/* Begin PBXBuildFile section */
		E42883322716F14A00551C6C /* AppDelegate.swift in Sources */ = {isa = PBXBuildFile; fileRef = E42883312716F14A00551C6C /* AppDelegate.swift */; };
		E42883342716F14A00551C6C /* SceneDelegate.swift in Sources */ = {isa = PBXBuildFile; fileRef = E42883332716F14A00551C6C /* SceneDelegate.swift */; };
		E42883392716F14A00551C6C /* Main.storyboard in Resources */ = {isa = PBXBuildFile; fileRef = E42883372716F14A00551C6C /* Main.storyboard */; };
		E428833B2716F14C00551C6C /* Assets.xcassets in Resources */ = {isa = PBXBuildFile; fileRef = E428833A2716F14C00551C6C /* Assets.xcassets */; };
		E428833E2716F14C00551C6C /* LaunchScreen.storyboard in Resources */ = {isa = PBXBuildFile; fileRef = E428833C2716F14C00551C6C /* LaunchScreen.storyboard */; };
		E42883462716F19F00551C6C /* ShoppingTableViewCell.swift in Sources */ = {isa = PBXBuildFile; fileRef = E42883452716F19F00551C6C /* ShoppingTableViewCell.swift */; };
		E428834B2716F21A00551C6C /* ShoppingTableViewController.swift in Sources */ = {isa = PBXBuildFile; fileRef = E428834A2716F21A00551C6C /* ShoppingTableViewController.swift */; };
		E499AE1A273161DD001D6EC1 /* Realm in Frameworks */ = {isa = PBXBuildFile; productRef = E499AE19273161DD001D6EC1 /* Realm */; };
		E499AE1C273161DD001D6EC1 /* RealmSwift in Frameworks */ = {isa = PBXBuildFile; productRef = E499AE1B273161DD001D6EC1 /* RealmSwift */; };
		E499AE1E273162C5001D6EC1 /* RealmModel.swift in Sources */ = {isa = PBXBuildFile; fileRef = E499AE1D273162C5001D6EC1 /* RealmModel.swift */; };
		E4CC7B42271832D400BA8B0E /* BasketModel.swift in Sources */ = {isa = PBXBuildFile; fileRef = E4CC7B41271832D400BA8B0E /* BasketModel.swift */; };
/* End PBXBuildFile section */

/* Begin PBXFileReference section */
		E428832E2716F14A00551C6C /* SeSACAssignment11.app */ = {isa = PBXFileReference; explicitFileType = wrapper.application; includeInIndex = 0; path = SeSACAssignment11.app; sourceTree = BUILT_PRODUCTS_DIR; };
		E42883312716F14A00551C6C /* AppDelegate.swift */ = {isa = PBXFileReference; lastKnownFileType = sourcecode.swift; path = AppDelegate.swift; sourceTree = "<group>"; };
		E42883332716F14A00551C6C /* SceneDelegate.swift */ = {isa = PBXFileReference; lastKnownFileType = sourcecode.swift; path = SceneDelegate.swift; sourceTree = "<group>"; };
		E42883382716F14A00551C6C /* Base */ = {isa = PBXFileReference; lastKnownFileType = file.storyboard; name = Base; path = Base.lproj/Main.storyboard; sourceTree = "<group>"; };
		E428833A2716F14C00551C6C /* Assets.xcassets */ = {isa = PBXFileReference; lastKnownFileType = folder.assetcatalog; path = Assets.xcassets; sourceTree = "<group>"; };
		E428833D2716F14C00551C6C /* Base */ = {isa = PBXFileReference; lastKnownFileType = file.storyboard; name = Base; path = Base.lproj/LaunchScreen.storyboard; sourceTree = "<group>"; };
		E428833F2716F14C00551C6C /* Info.plist */ = {isa = PBXFileReference; lastKnownFileType = text.plist.xml; path = Info.plist; sourceTree = "<group>"; };
		E42883452716F19F00551C6C /* ShoppingTableViewCell.swift */ = {isa = PBXFileReference; lastKnownFileType = sourcecode.swift; path = ShoppingTableViewCell.swift; sourceTree = "<group>"; };
		E428834A2716F21A00551C6C /* ShoppingTableViewController.swift */ = {isa = PBXFileReference; lastKnownFileType = sourcecode.swift; name = ShoppingTableViewController.swift; path = SeSACAssignment11/Controller/ShoppingTableViewController.swift; sourceTree = SOURCE_ROOT; };
		E499AE1D273162C5001D6EC1 /* RealmModel.swift */ = {isa = PBXFileReference; lastKnownFileType = sourcecode.swift; path = RealmModel.swift; sourceTree = "<group>"; };
		E4CC7B41271832D400BA8B0E /* BasketModel.swift */ = {isa = PBXFileReference; lastKnownFileType = sourcecode.swift; path = BasketModel.swift; sourceTree = "<group>"; };
/* End PBXFileReference section */

/* Begin PBXFrameworksBuildPhase section */
		E428832B2716F14A00551C6C /* Frameworks */ = {
			isa = PBXFrameworksBuildPhase;
			buildActionMask = 2147483647;
			files = (
				E499AE1C273161DD001D6EC1 /* RealmSwift in Frameworks */,
				E499AE1A273161DD001D6EC1 /* Realm in Frameworks */,
			);
			runOnlyForDeploymentPostprocessing = 0;
		};
/* End PBXFrameworksBuildPhase section */

/* Begin PBXGroup section */
		E42883252716F14A00551C6C = {
			isa = PBXGroup;
			children = (
				E42883302716F14A00551C6C /* SeSACAssignment11 */,
				E428832F2716F14A00551C6C /* Products */,
			);
			sourceTree = "<group>";
		};
		E428832F2716F14A00551C6C /* Products */ = {
			isa = PBXGroup;
			children = (
				E428832E2716F14A00551C6C /* SeSACAssignment11.app */,
			);
			name = Products;
			sourceTree = "<group>";
		};
		E42883302716F14A00551C6C /* SeSACAssignment11 */ = {
			isa = PBXGroup;
			children = (
				E42883482716F1C400551C6C /* Storyboard */,
				E42883472716F1A500551C6C /* Controller */,
				E42883492716F1D200551C6C /* Cell */,
				E4CC7B40271832C200BA8B0E /* Model */,
				E42883312716F14A00551C6C /* AppDelegate.swift */,
				E42883332716F14A00551C6C /* SceneDelegate.swift */,
				E428833A2716F14C00551C6C /* Assets.xcassets */,
				E428833C2716F14C00551C6C /* LaunchScreen.storyboard */,
				E428833F2716F14C00551C6C /* Info.plist */,
			);
			path = SeSACAssignment11;
			sourceTree = "<group>";
		};
		E42883472716F1A500551C6C /* Controller */ = {
			isa = PBXGroup;
			children = (
				E428834A2716F21A00551C6C /* ShoppingTableViewController.swift */,
			);
			path = Controller;
			sourceTree = "<group>";
		};
		E42883482716F1C400551C6C /* Storyboard */ = {
			isa = PBXGroup;
			children = (
				E42883372716F14A00551C6C /* Main.storyboard */,
			);
			path = Storyboard;
			sourceTree = "<group>";
		};
		E42883492716F1D200551C6C /* Cell */ = {
			isa = PBXGroup;
			children = (
				E42883452716F19F00551C6C /* ShoppingTableViewCell.swift */,
			);
			path = Cell;
			sourceTree = "<group>";
		};
		E4CC7B40271832C200BA8B0E /* Model */ = {
			isa = PBXGroup;
			children = (
				E4CC7B41271832D400BA8B0E /* BasketModel.swift */,
				E499AE1D273162C5001D6EC1 /* RealmModel.swift */,
			);
			path = Model;
			sourceTree = "<group>";
		};
/* End PBXGroup section */

/* Begin PBXNativeTarget section */
		E428832D2716F14A00551C6C /* SeSACAssignment11 */ = {
			isa = PBXNativeTarget;
			buildConfigurationList = E42883422716F14C00551C6C /* Build configuration list for PBXNativeTarget "SeSACAssignment11" */;
			buildPhases = (
				E428832A2716F14A00551C6C /* Sources */,
				E428832B2716F14A00551C6C /* Frameworks */,
				E428832C2716F14A00551C6C /* Resources */,
			);
			buildRules = (
			);
			dependencies = (
			);
			name = SeSACAssignment11;
			packageProductDependencies = (
				E499AE19273161DD001D6EC1 /* Realm */,
				E499AE1B273161DD001D6EC1 /* RealmSwift */,
			);
			productName = SeSACAssignment11;
			productReference = E428832E2716F14A00551C6C /* SeSACAssignment11.app */;
			productType = "com.apple.product-type.application";
		};
/* End PBXNativeTarget section */

/* Begin PBXProject section */
		E42883262716F14A00551C6C /* Project object */ = {
			isa = PBXProject;
			attributes = {
				BuildIndependentTargetsInParallel = 1;
				LastSwiftUpdateCheck = 1300;
				LastUpgradeCheck = 1300;
				TargetAttributes = {
					E428832D2716F14A00551C6C = {
						CreatedOnToolsVersion = 13.0;
					};
				};
			};
			buildConfigurationList = E42883292716F14A00551C6C /* Build configuration list for PBXProject "SeSACAssignment11" */;
			compatibilityVersion = "Xcode 13.0";
			developmentRegion = en;
			hasScannedForEncodings = 0;
			knownRegions = (
				en,
				Base,
			);
			mainGroup = E42883252716F14A00551C6C;
			packageReferences = (
				E499AE18273161DD001D6EC1 /* XCRemoteSwiftPackageReference "realm-cocoa" */,
			);
			productRefGroup = E428832F2716F14A00551C6C /* Products */;
			projectDirPath = "";
			projectRoot = "";
			targets = (
				E428832D2716F14A00551C6C /* SeSACAssignment11 */,
			);
		};
/* End PBXProject section */

/* Begin PBXResourcesBuildPhase section */
		E428832C2716F14A00551C6C /* Resources */ = {
			isa = PBXResourcesBuildPhase;
			buildActionMask = 2147483647;
			files = (
				E428833E2716F14C00551C6C /* LaunchScreen.storyboard in Resources */,
				E428833B2716F14C00551C6C /* Assets.xcassets in Resources */,
				E42883392716F14A00551C6C /* Main.storyboard in Resources */,
			);
			runOnlyForDeploymentPostprocessing = 0;
		};
/* End PBXResourcesBuildPhase section */

/* Begin PBXSourcesBuildPhase section */
		E428832A2716F14A00551C6C /* Sources */ = {
			isa = PBXSourcesBuildPhase;
			buildActionMask = 2147483647;
			files = (
				E4CC7B42271832D400BA8B0E /* BasketModel.swift in Sources */,
				E499AE1E273162C5001D6EC1 /* RealmModel.swift in Sources */,
				E42883462716F19F00551C6C /* ShoppingTableViewCell.swift in Sources */,
				E42883322716F14A00551C6C /* AppDelegate.swift in Sources */,
				E428834B2716F21A00551C6C /* ShoppingTableViewController.swift in Sources */,
				E42883342716F14A00551C6C /* SceneDelegate.swift in Sources */,
			);
			runOnlyForDeploymentPostprocessing = 0;
		};
/* End PBXSourcesBuildPhase section */

/* Begin PBXVariantGroup section */
		E42883372716F14A00551C6C /* Main.storyboard */ = {
			isa = PBXVariantGroup;
			children = (
				E42883382716F14A00551C6C /* Base */,
			);
			name = Main.storyboard;
			sourceTree = "<group>";
		};
		E428833C2716F14C00551C6C /* LaunchScreen.storyboard */ = {
			isa = PBXVariantGroup;
			children = (
				E428833D2716F14C00551C6C /* Base */,
			);
			name = LaunchScreen.storyboard;
			sourceTree = "<group>";
		};
/* End PBXVariantGroup section */

/* Begin XCBuildConfiguration section */
		E42883402716F14C00551C6C /* Debug */ = {
			isa = XCBuildConfiguration;
			buildSettings = {
				ALWAYS_SEARCH_USER_PATHS = NO;
				CLANG_ANALYZER_NONNULL = YES;
				CLANG_ANALYZER_NUMBER_OBJECT_CONVERSION = YES_AGGRESSIVE;
				CLANG_CXX_LANGUAGE_STANDARD = "gnu++17";
				CLANG_CXX_LIBRARY = "libc++";
				CLANG_ENABLE_MODULES = YES;
				CLANG_ENABLE_OBJC_ARC = YES;
				CLANG_ENABLE_OBJC_WEAK = YES;
				CLANG_WARN_BLOCK_CAPTURE_AUTORELEASING = YES;
				CLANG_WARN_BOOL_CONVERSION = YES;
				CLANG_WARN_COMMA = YES;
				CLANG_WARN_CONSTANT_CONVERSION = YES;
				CLANG_WARN_DEPRECATED_OBJC_IMPLEMENTATIONS = YES;
				CLANG_WARN_DIRECT_OBJC_ISA_USAGE = YES_ERROR;
				CLANG_WARN_DOCUMENTATION_COMMENTS = YES;
				CLANG_WARN_EMPTY_BODY = YES;
				CLANG_WARN_ENUM_CONVERSION = YES;
				CLANG_WARN_INFINITE_RECURSION = YES;
				CLANG_WARN_INT_CONVERSION = YES;
				CLANG_WARN_NON_LITERAL_NULL_CONVERSION = YES;
				CLANG_WARN_OBJC_IMPLICIT_RETAIN_SELF = YES;
				CLANG_WARN_OBJC_LITERAL_CONVERSION = YES;
				CLANG_WARN_OBJC_ROOT_CLASS = YES_ERROR;
				CLANG_WARN_QUOTED_INCLUDE_IN_FRAMEWORK_HEADER = YES;
				CLANG_WARN_RANGE_LOOP_ANALYSIS = YES;
				CLANG_WARN_STRICT_PROTOTYPES = YES;
				CLANG_WARN_SUSPICIOUS_MOVE = YES;
				CLANG_WARN_UNGUARDED_AVAILABILITY = YES_AGGRESSIVE;
				CLANG_WARN_UNREACHABLE_CODE = YES;
				CLANG_WARN__DUPLICATE_METHOD_MATCH = YES;
				COPY_PHASE_STRIP = NO;
				DEBUG_INFORMATION_FORMAT = dwarf;
				ENABLE_STRICT_OBJC_MSGSEND = YES;
				ENABLE_TESTABILITY = YES;
				GCC_C_LANGUAGE_STANDARD = gnu11;
				GCC_DYNAMIC_NO_PIC = NO;
				GCC_NO_COMMON_BLOCKS = YES;
				GCC_OPTIMIZATION_LEVEL = 0;
				GCC_PREPROCESSOR_DEFINITIONS = (
					"DEBUG=1",
					"$(inherited)",
				);
				GCC_WARN_64_TO_32_BIT_CONVERSION = YES;
				GCC_WARN_ABOUT_RETURN_TYPE = YES_ERROR;
				GCC_WARN_UNDECLARED_SELECTOR = YES;
				GCC_WARN_UNINITIALIZED_AUTOS = YES_AGGRESSIVE;
				GCC_WARN_UNUSED_FUNCTION = YES;
				GCC_WARN_UNUSED_VARIABLE = YES;
				IPHONEOS_DEPLOYMENT_TARGET = 15.0;
				MTL_ENABLE_DEBUG_INFO = INCLUDE_SOURCE;
				MTL_FAST_MATH = YES;
				ONLY_ACTIVE_ARCH = YES;
				SDKROOT = iphoneos;
				SWIFT_ACTIVE_COMPILATION_CONDITIONS = DEBUG;
				SWIFT_OPTIMIZATION_LEVEL = "-Onone";
			};
			name = Debug;
		};
		E42883412716F14C00551C6C /* Release */ = {
			isa = XCBuildConfiguration;
			buildSettings = {
				ALWAYS_SEARCH_USER_PATHS = NO;
				CLANG_ANALYZER_NONNULL = YES;
				CLANG_ANALYZER_NUMBER_OBJECT_CONVERSION = YES_AGGRESSIVE;
				CLANG_CXX_LANGUAGE_STANDARD = "gnu++17";
				CLANG_CXX_LIBRARY = "libc++";
				CLANG_ENABLE_MODULES = YES;
				CLANG_ENABLE_OBJC_ARC = YES;
				CLANG_ENABLE_OBJC_WEAK = YES;
				CLANG_WARN_BLOCK_CAPTURE_AUTORELEASING = YES;
				CLANG_WARN_BOOL_CONVERSION = YES;
				CLANG_WARN_COMMA = YES;
				CLANG_WARN_CONSTANT_CONVERSION = YES;
				CLANG_WARN_DEPRECATED_OBJC_IMPLEMENTATIONS = YES;
				CLANG_WARN_DIRECT_OBJC_ISA_USAGE = YES_ERROR;
				CLANG_WARN_DOCUMENTATION_COMMENTS = YES;
				CLANG_WARN_EMPTY_BODY = YES;
				CLANG_WARN_ENUM_CONVERSION = YES;
				CLANG_WARN_INFINITE_RECURSION = YES;
				CLANG_WARN_INT_CONVERSION = YES;
				CLANG_WARN_NON_LITERAL_NULL_CONVERSION = YES;
				CLANG_WARN_OBJC_IMPLICIT_RETAIN_SELF = YES;
				CLANG_WARN_OBJC_LITERAL_CONVERSION = YES;
				CLANG_WARN_OBJC_ROOT_CLASS = YES_ERROR;
				CLANG_WARN_QUOTED_INCLUDE_IN_FRAMEWORK_HEADER = YES;
				CLANG_WARN_RANGE_LOOP_ANALYSIS = YES;
				CLANG_WARN_STRICT_PROTOTYPES = YES;
				CLANG_WARN_SUSPICIOUS_MOVE = YES;
				CLANG_WARN_UNGUARDED_AVAILABILITY = YES_AGGRESSIVE;
				CLANG_WARN_UNREACHABLE_CODE = YES;
				CLANG_WARN__DUPLICATE_METHOD_MATCH = YES;
				COPY_PHASE_STRIP = NO;
				DEBUG_INFORMATION_FORMAT = "dwarf-with-dsym";
				ENABLE_NS_ASSERTIONS = NO;
				ENABLE_STRICT_OBJC_MSGSEND = YES;
				GCC_C_LANGUAGE_STANDARD = gnu11;
				GCC_NO_COMMON_BLOCKS = YES;
				GCC_WARN_64_TO_32_BIT_CONVERSION = YES;
				GCC_WARN_ABOUT_RETURN_TYPE = YES_ERROR;
				GCC_WARN_UNDECLARED_SELECTOR = YES;
				GCC_WARN_UNINITIALIZED_AUTOS = YES_AGGRESSIVE;
				GCC_WARN_UNUSED_FUNCTION = YES;
				GCC_WARN_UNUSED_VARIABLE = YES;
				IPHONEOS_DEPLOYMENT_TARGET = 15.0;
				MTL_ENABLE_DEBUG_INFO = NO;
				MTL_FAST_MATH = YES;
				SDKROOT = iphoneos;
				SWIFT_COMPILATION_MODE = wholemodule;
				SWIFT_OPTIMIZATION_LEVEL = "-O";
				VALIDATE_PRODUCT = YES;
			};
			name = Release;
		};
		E42883432716F14C00551C6C /* Debug */ = {
			isa = XCBuildConfiguration;
			buildSettings = {
				ASSETCATALOG_COMPILER_APPICON_NAME = AppIcon;
				ASSETCATALOG_COMPILER_GLOBAL_ACCENT_COLOR_NAME = AccentColor;
				ASSETCATALOG_COMPILER_INCLUDE_ALL_APPICON_ASSETS = NO;
				CODE_SIGN_STYLE = Automatic;
				CURRENT_PROJECT_VERSION = 1;
				DEVELOPMENT_TEAM = J3L38PYNZQ;
				GENERATE_INFOPLIST_FILE = YES;
				INFOPLIST_FILE = SeSACAssignment11/Info.plist;
				INFOPLIST_KEY_CFBundleDisplayName = ShopList;
				INFOPLIST_KEY_UIApplicationSupportsIndirectInputEvents = YES;
				INFOPLIST_KEY_UILaunchStoryboardName = LaunchScreen;
				INFOPLIST_KEY_UIMainStoryboardFile = Main;
				INFOPLIST_KEY_UISupportedInterfaceOrientations_iPad = "UIInterfaceOrientationPortrait UIInterfaceOrientationPortraitUpsideDown UIInterfaceOrientationLandscapeLeft UIInterfaceOrientationLandscapeRight";
				INFOPLIST_KEY_UISupportedInterfaceOrientations_iPhone = "UIInterfaceOrientationPortrait UIInterfaceOrientationLandscapeLeft UIInterfaceOrientationLandscapeRight";
				LD_RUNPATH_SEARCH_PATHS = (
					"$(inherited)",
					"@executable_path/Frameworks",
				);
				MARKETING_VERSION = 1.0;
				PRODUCT_BUNDLE_IDENTIFIER = "kwanghochoi2-com.naver.blog.SeSACAssignment11";
				PRODUCT_NAME = "$(TARGET_NAME)";
				SWIFT_EMIT_LOC_STRINGS = YES;
				SWIFT_VERSION = 5.0;
				TARGETED_DEVICE_FAMILY = 1;
			};
			name = Debug;
		};
		E42883442716F14C00551C6C /* Release */ = {
			isa = XCBuildConfiguration;
			buildSettings = {
				ASSETCATALOG_COMPILER_APPICON_NAME = AppIcon;
				ASSETCATALOG_COMPILER_GLOBAL_ACCENT_COLOR_NAME = AccentColor;
				ASSETCATALOG_COMPILER_INCLUDE_ALL_APPICON_ASSETS = NO;
				CODE_SIGN_STYLE = Automatic;
				CURRENT_PROJECT_VERSION = 1;
				DEVELOPMENT_TEAM = J3L38PYNZQ;
				GENERATE_INFOPLIST_FILE = YES;
				INFOPLIST_FILE = SeSACAssignment11/Info.plist;
				INFOPLIST_KEY_CFBundleDisplayName = ShopList;
				INFOPLIST_KEY_UIApplicationSupportsIndirectInputEvents = YES;
				INFOPLIST_KEY_UILaunchStoryboardName = LaunchScreen;
				INFOPLIST_KEY_UIMainStoryboardFile = Main;
				INFOPLIST_KEY_UISupportedInterfaceOrientations_iPad = "UIInterfaceOrientationPortrait UIInterfaceOrientationPortraitUpsideDown UIInterfaceOrientationLandscapeLeft UIInterfaceOrientationLandscapeRight";
				INFOPLIST_KEY_UISupportedInterfaceOrientations_iPhone = "UIInterfaceOrientationPortrait UIInterfaceOrientationLandscapeLeft UIInterfaceOrientationLandscapeRight";
				LD_RUNPATH_SEARCH_PATHS = (
					"$(inherited)",
					"@executable_path/Frameworks",
				);
				MARKETING_VERSION = 1.0;
				PRODUCT_BUNDLE_IDENTIFIER = "kwanghochoi2-com.naver.blog.SeSACAssignment11";
				PRODUCT_NAME = "$(TARGET_NAME)";
				SWIFT_EMIT_LOC_STRINGS = YES;
				SWIFT_VERSION = 5.0;
				TARGETED_DEVICE_FAMILY = 1;
			};
			name = Release;
		};
/* End XCBuildConfiguration section */

/* Begin XCConfigurationList section */
		E42883292716F14A00551C6C /* Build configuration list for PBXProject "SeSACAssignment11" */ = {
			isa = XCConfigurationList;
			buildConfigurations = (
				E42883402716F14C00551C6C /* Debug */,
				E42883412716F14C00551C6C /* Release */,
			);
			defaultConfigurationIsVisible = 0;
			defaultConfigurationName = Release;
		};
		E42883422716F14C00551C6C /* Build configuration list for PBXNativeTarget "SeSACAssignment11" */ = {
			isa = XCConfigurationList;
			buildConfigurations = (
				E42883432716F14C00551C6C /* Debug */,
				E42883442716F14C00551C6C /* Release */,
			);
			defaultConfigurationIsVisible = 0;
			defaultConfigurationName = Release;
		};
/* End XCConfigurationList section */

/* Begin XCRemoteSwiftPackageReference section */
		E499AE18273161DD001D6EC1 /* XCRemoteSwiftPackageReference "realm-cocoa" */ = {
			isa = XCRemoteSwiftPackageReference;
			repositoryURL = "https://github.com/realm/realm-cocoa.git";
			requirement = {
				kind = upToNextMajorVersion;
				minimumVersion = 10.18.0;
			};
		};
/* End XCRemoteSwiftPackageReference section */

/* Begin XCSwiftPackageProductDependency section */
		E499AE19273161DD001D6EC1 /* Realm */ = {
			isa = XCSwiftPackageProductDependency;
			package = E499AE18273161DD001D6EC1 /* XCRemoteSwiftPackageReference "realm-cocoa" */;
			productName = Realm;
		};
		E499AE1B273161DD001D6EC1 /* RealmSwift */ = {
			isa = XCSwiftPackageProductDependency;
			package = E499AE18273161DD001D6EC1 /* XCRemoteSwiftPackageReference "realm-cocoa" */;
			productName = RealmSwift;
		};
/* End XCSwiftPackageProductDependency section */
	};
	rootObject = E42883262716F14A00551C6C /* Project object */;
}
